
Microsoft Visual Studio Solution File, Format Version 12.00
# Visual Studio 15
VisualStudioVersion = 15.0.28307.960
MinimumVisualStudioVersion = 10.0.40219.1
Project("{FAE04EC0-301F-11D3-BF4B-00C04F79EFBC}") = "HistoryAPI", "HistoryAPI\HistoryAPI.csproj", "{FF1B0F96-17B3-44A5-86E5-D30F8002B8FC}"
EndProject
Global
	GlobalSection(SolutionConfigurationPlatforms) = preSolution
		Debug|Any CPU = Debug|Any CPU
		Release|Any CPU = Release|Any CPU
	EndGlobalSection
	GlobalSection(ProjectConfigurationPlatforms) = postSolution
		{FF1B0F96-17B3-44A5-86E5-D30F8002B8FC}.Debug|Any CPU.ActiveCfg = Debug|Any CPU
		{FF1B0F96-17B3-44A5-86E5-D30F8002B8FC}.Debug|Any CPU.Build.0 = Debug|Any CPU
		{FF1B0F96-17B3-44A5-86E5-D30F8002B8FC}.Release|Any CPU.ActiveCfg = Release|Any CPU
		{FF1B0F96-17B3-44A5-86E5-D30F8002B8FC}.Release|Any CPU.Build.0 = Release|Any CPU
	EndGlobalSection
	GlobalSection(SolutionProperties) = preSolution
		HideSolutionNode = FALSE
	EndGlobalSection
	GlobalSection(ExtensibilityGlobals) = postSolution
		SolutionGuid = {75F21D59-6641-40E2-8BE1-CD12FF32731B}
	EndGlobalSection
EndGlobal
